{
  "name": "h8njs",
  "version": "1.0.0",
  "lockfileVersion": 3,
  "requires": true,
  "packages": {
    "": {
      "name": "h8njs",
      "version": "1.0.0",
      "license": "MIT",
      "workspaces": [
        "packages/cli/h8n",
        "packages/h8n/logger",
        "packages/create-h8n",
        "packages/h8n/utils"
      ]
    },
    "node_modules/@h8n/logger": {
      "resolved": "packages/h8n/logger",
      "link": true
    },
    "node_modules/@h8n/utils": {
      "resolved": "packages/h8n/utils",
      "link": true
    },
    "node_modules/create-h8n": {
      "resolved": "packages/create-h8n",
      "link": true
    },
    "node_modules/h8n": {
      "resolved": "packages/cli/h8n",
      "link": true
    },
    "packages/cli/h8n": {
      "version": "1.0.0",
      "license": "MIT"
    },
    "packages/create-h8n": {
      "version": "1.0.0",
      "license": "MIT",
      "devDependencies": {}
    },
    "packages/h8n/logger": {
      "name": "@h8n/logger",
      "version": "1.0.0",
      "license": "MIT",
      "devDependencies": {}
    },
    "packages/h8n/utils": {
      "name": "@h8n/utils",
      "version": "1.0.0",
      "license": "MIT",
      "devDependencies": {}
    }
  }
}
